
Microsoft Visual Studio Solution File, Format Version 12.00
# Visual Studio Version 16
VisualStudioVersion = 16.0.32228.343
MinimumVisualStudioVersion = 10.0.40219.1
Project("{FAE04EC0-301F-11D3-BF4B-00C04F79EFBC}") = "AppSoccer", "AppSoccer\AppSoccer.csproj", "{401E884B-67E5-4DCE-B1DB-BDD0A38F122B}"
EndProject
Global
	GlobalSection(SolutionConfigurationPlatforms) = preSolution
		Debug|Any CPU = Debug|Any CPU
		Release|Any CPU = Release|Any CPU
	EndGlobalSection
	GlobalSection(ProjectConfigurationPlatforms) = postSolution
		{401E884B-67E5-4DCE-B1DB-BDD0A38F122B}.Debug|Any CPU.ActiveCfg = Debug|Any CPU
		{401E884B-67E5-4DCE-B1DB-BDD0A38F122B}.Debug|Any CPU.Build.0 = Debug|Any CPU
		{401E884B-67E5-4DCE-B1DB-BDD0A38F122B}.Release|Any CPU.ActiveCfg = Release|Any CPU
		{401E884B-67E5-4DCE-B1DB-BDD0A38F122B}.Release|Any CPU.Build.0 = Release|Any CPU
	EndGlobalSection
	GlobalSection(SolutionProperties) = preSolution
		HideSolutionNode = FALSE
	EndGlobalSection
	GlobalSection(ExtensibilityGlobals) = postSolution
		SolutionGuid = {8A59F1D0-5169-494C-90D2-DC1D95FE1634}
	EndGlobalSection
EndGlobal
